
Microsoft Visual Studio Solution File, Format Version 12.00
# Visual Studio Version 16
VisualStudioVersion = 16.0.29324.140
MinimumVisualStudioVersion = 10.0.40219.1
Project("{9A19103F-16F7-4668-BE54-9A1E7A4F7556}") = "Chat.UI", "Chat.UI.csproj", "{6421010F-42CF-4485-9BA1-BDB2FE05CE70}"
EndProject
Project("{9A19103F-16F7-4668-BE54-9A1E7A4F7556}") = "Chat.Domain", "..\Chat.Domain\Chat.Domain.csproj", "{96A9ED10-C520-4EB9-B05C-2372C0F94179}"
EndProject
Project("{FAE04EC0-301F-11D3-BF4B-00C04F79EFBC}") = "Chat.Service", "..\Chat.Service\Chat.Service.csproj", "{6224ACDC-FD32-461E-8F31-BB947E16B409}"
EndProject
Global
	GlobalSection(SolutionConfigurationPlatforms) = preSolution
		Debug|Any CPU = Debug|Any CPU
		Release|Any CPU = Release|Any CPU
	EndGlobalSection
	GlobalSection(ProjectConfigurationPlatforms) = postSolution
		{6421010F-42CF-4485-9BA1-BDB2FE05CE70}.Debug|Any CPU.ActiveCfg = Debug|Any CPU
		{6421010F-42CF-4485-9BA1-BDB2FE05CE70}.Debug|Any CPU.Build.0 = Debug|Any CPU
		{6421010F-42CF-4485-9BA1-BDB2FE05CE70}.Release|Any CPU.ActiveCfg = Release|Any CPU
		{6421010F-42CF-4485-9BA1-BDB2FE05CE70}.Release|Any CPU.Build.0 = Release|Any CPU
		{96A9ED10-C520-4EB9-B05C-2372C0F94179}.Debug|Any CPU.ActiveCfg = Debug|Any CPU
		{96A9ED10-C520-4EB9-B05C-2372C0F94179}.Debug|Any CPU.Build.0 = Debug|Any CPU
		{96A9ED10-C520-4EB9-B05C-2372C0F94179}.Release|Any CPU.ActiveCfg = Release|Any CPU
		{96A9ED10-C520-4EB9-B05C-2372C0F94179}.Release|Any CPU.Build.0 = Release|Any CPU
		{6224ACDC-FD32-461E-8F31-BB947E16B409}.Debug|Any CPU.ActiveCfg = Debug|Any CPU
		{6224ACDC-FD32-461E-8F31-BB947E16B409}.Debug|Any CPU.Build.0 = Debug|Any CPU
		{6224ACDC-FD32-461E-8F31-BB947E16B409}.Release|Any CPU.ActiveCfg = Release|Any CPU
		{6224ACDC-FD32-461E-8F31-BB947E16B409}.Release|Any CPU.Build.0 = Release|Any CPU
	EndGlobalSection
	GlobalSection(SolutionProperties) = preSolution
		HideSolutionNode = FALSE
	EndGlobalSection
	GlobalSection(ExtensibilityGlobals) = postSolution
		SolutionGuid = {6664567C-2D0A-4901-9950-A9C5B7042BFB}
	EndGlobalSection
EndGlobal
